
Microsoft Visual Studio Solution File, Format Version 12.00
# Visual Studio Version 17
VisualStudioVersion = 17.8.34330.188
MinimumVisualStudioVersion = 10.0.40219.1
Project("{FAE04EC0-301F-11D3-BF4B-00C04F79EFBC}") = "NativeAOT+Validation", "NativeAOT+Validation.csproj", "{4EAF8E21-FFD1-44C1-A5A6-73DCA8A0A4CA}"
EndProject
Global
	GlobalSection(SolutionConfigurationPlatforms) = preSolution
		Debug|Any CPU = Debug|Any CPU
		Release|Any CPU = Release|Any CPU
	EndGlobalSection
	GlobalSection(ProjectConfigurationPlatforms) = postSolution
		{4EAF8E21-FFD1-44C1-A5A6-73DCA8A0A4CA}.Debug|Any CPU.ActiveCfg = Debug|Any CPU
		{4EAF8E21-FFD1-44C1-A5A6-73DCA8A0A4CA}.Debug|Any CPU.Build.0 = Debug|Any CPU
		{4EAF8E21-FFD1-44C1-A5A6-73DCA8A0A4CA}.Release|Any CPU.ActiveCfg = Release|Any CPU
		{4EAF8E21-FFD1-44C1-A5A6-73DCA8A0A4CA}.Release|Any CPU.Build.0 = Release|Any CPU
	EndGlobalSection
	GlobalSection(SolutionProperties) = preSolution
		HideSolutionNode = FALSE
	EndGlobalSection
	GlobalSection(ExtensibilityGlobals) = postSolution
		SolutionGuid = {47B7C660-92E9-4EB8-B19F-A393B344A161}
	EndGlobalSection
EndGlobal
